
Microsoft Visual Studio Solution File, Format Version 12.00
# Visual Studio Version 16
VisualStudioVersion = 16.0.32630.194
MinimumVisualStudioVersion = 10.0.40219.1
Project("{FAE04EC0-301F-11D3-BF4B-00C04F79EFBC}") = "taskss", "taskss\taskss.csproj", "{206C5F41-32A6-486D-A798-029B9F68D236}"
EndProject
Global
	GlobalSection(SolutionConfigurationPlatforms) = preSolution
		Debug|Any CPU = Debug|Any CPU
		Release|Any CPU = Release|Any CPU
	EndGlobalSection
	GlobalSection(ProjectConfigurationPlatforms) = postSolution
		{206C5F41-32A6-486D-A798-029B9F68D236}.Debug|Any CPU.ActiveCfg = Debug|Any CPU
		{206C5F41-32A6-486D-A798-029B9F68D236}.Debug|Any CPU.Build.0 = Debug|Any CPU
		{206C5F41-32A6-486D-A798-029B9F68D236}.Release|Any CPU.ActiveCfg = Release|Any CPU
		{206C5F41-32A6-486D-A798-029B9F68D236}.Release|Any CPU.Build.0 = Release|Any CPU
	EndGlobalSection
	GlobalSection(SolutionProperties) = preSolution
		HideSolutionNode = FALSE
	EndGlobalSection
	GlobalSection(ExtensibilityGlobals) = postSolution
		SolutionGuid = {77439284-89A0-4E60-A607-5C543EB0FF00}
	EndGlobalSection
EndGlobal
